{
  "name": "PotafolioFelipeGonzalez",
  "lockfileVersion": 3,
  "requires": true,
  "packages": {
    "": {
      "dependencies": {
        "@canvasjs/charts": "^3.7.7"
      }
    },
    "node_modules/@canvasjs/charts": {
      "version": "3.7.7",
      "resolved": "https://registry.npmjs.org/@canvasjs/charts/-/charts-3.7.7.tgz",
      "integrity": "sha512-CHqBTY3ly7RRbnJhDhnDEXeS9rGbO1dLhvegFUi5ofqIGnP2R6jrAuKz3w4MJqkHx79CRIRvTcARVfhnPsBmsg=="
    }
  }
}
